[root]
name = "xinerama"
version = "0.0.1"
dependencies = [
 "libc 0.1.5 (registry+https://github.com/rust-lang/crates.io-index)",
 "xlib 0.1.0 (git+https://github.com/Kintaro/rust-xlib.git?branch=wtftw)",
]

[[package]]
name = "bitflags"
version = "0.1.1"
source = "registry+https://github.com/rust-lang/crates.io-index"

[[package]]
name = "libc"
version = "0.1.5"
source = "registry+https://github.com/rust-lang/crates.io-index"

[[package]]
name = "xlib"
version = "0.1.0"
source = "git+https://github.com/Kintaro/rust-xlib.git?branch=wtftw#a4bbc864bae81e58f5d74b0a0aadaa9fa1022071"
dependencies = [
 "bitflags 0.1.1 (registry+https://github.com/rust-lang/crates.io-index)",
 "libc 0.1.5 (registry+https://github.com/rust-lang/crates.io-index)",
]

